{
  "name": "wizeline-node",
  "version": "1.0.0",
  "lockfileVersion": 1,
  "requires": true,
  "dependencies": {
    "events": {
      "version": "3.0.0",
      "resolved": "https://registry.npmjs.org/events/-/events-3.0.0.tgz",
      "integrity": "sha512-Dc381HFWJzEOhQ+d8pkNon++bk9h6cdAoAj4iE6Q4y6xgTzySWXlKn05/TVNpjnfRqi/X0EpJEJohPjNI3zpVA=="
    },
    "graceful-fs": {
      "version": "4.1.11",
      "resolved": "https://registry.npmjs.org/graceful-fs/-/graceful-fs-4.1.11.tgz",
      "integrity": "sha1-Dovf5NHduIVNZOBOp8AOKgJuVlg="
    },
    "nhanngo-callback": {
      "version": "0.0.2",
      "resolved": "https://registry.npmjs.org/nhanngo-callback/-/nhanngo-callback-0.0.2.tgz",
      "integrity": "sha512-iW/UvlNW5fpwD2I2X/yHJ3ZywX2T75U74w5ogMugK8Uw8juOZdXMugK6c4MX7gV/JdTxQgqVeVG7RzMVlzPFIQ=="
    },
    "nhimai-exe": {
      "version": "1.0.4",
      "resolved": "https://registry.npmjs.org/nhimai-exe/-/nhimai-exe-1.0.4.tgz",
      "integrity": "sha512-UfOrhHO8nd+LXGaOOIszxl5UrE9adKQ8nc/V6cwJRgIykzdDTbuNkZ93qKDv5Rwon2Udx6BDhmuH1hFtL9gP7A=="
    },
    "nodejs_country": {
      "version": "1.3.0",
      "resolved": "https://registry.npmjs.org/nodejs_country/-/nodejs_country-1.3.0.tgz",
      "integrity": "sha512-imnaKA3Wk9ulSs54mY3kdfWo/Zk+1V0cMAenmbVRsrll3lD47PZR7ClYHZOS53HDsGemlSjbTnbdTWB4ubQx4Q==",
      "requires": {
        "sleeping": "^0.2.0"
      }
    },
    "read-json-country": {
      "version": "2.3.0",
      "resolved": "https://registry.npmjs.org/read-json-country/-/read-json-country-2.3.0.tgz",
      "integrity": "sha512-UkRfVk4LZCDrITjZfSO1X3wX1ju/1p2aG9R/zmLvz8JdihdD9fBW6lSteF+tC5H9JuCKw51gl/14nx7SFhW+cw==",
      "requires": {
        "events": "^3.0.0",
        "read-json-sync": "^2.0.0"
      }
    },
    "read-json-sync": {
      "version": "2.0.0",
      "resolved": "https://registry.npmjs.org/read-json-sync/-/read-json-sync-2.0.0.tgz",
      "integrity": "sha512-3w/Gh40X24GJACTWhbs9d7adcLTeQ+/6RgDN4Tq2lmwgLFC7cdBmEZt/uPg2HqL1Le64zrvAQpQlP7QxGFDI+A==",
      "requires": {
        "graceful-fs": "^4.1.11"
      }
    },
    "sleeping": {
      "version": "0.2.0",
      "resolved": "https://registry.npmjs.org/sleeping/-/sleeping-0.2.0.tgz",
      "integrity": "sha512-sP1gVy92yhL+RbgKzEUadBiiquAGaLnuFj47weK0Z8c2Z3tIpKOs5ITvu6Bj1WeAxWteuTHr57iWS+4DQE6aiQ=="
    }
  }
}
